
Microsoft Visual Studio Solution File, Format Version 12.00
# Visual Studio Version 17
VisualStudioVersion = 17.11.35222.181
MinimumVisualStudioVersion = 10.0.40219.1
Project("{FAE04EC0-301F-11D3-BF4B-00C04F79EFBC}") = "StephProject254", "StephProject254\StephProject254.csproj", "{6618E284-843D-45E2-AA8E-72BF62ACE825}"
EndProject
Global
	GlobalSection(SolutionConfigurationPlatforms) = preSolution
		Debug|Any CPU = Debug|Any CPU
		Release|Any CPU = Release|Any CPU
	EndGlobalSection
	GlobalSection(ProjectConfigurationPlatforms) = postSolution
		{6618E284-843D-45E2-AA8E-72BF62ACE825}.Debug|Any CPU.ActiveCfg = Debug|Any CPU
		{6618E284-843D-45E2-AA8E-72BF62ACE825}.Debug|Any CPU.Build.0 = Debug|Any CPU
		{6618E284-843D-45E2-AA8E-72BF62ACE825}.Release|Any CPU.ActiveCfg = Release|Any CPU
		{6618E284-843D-45E2-AA8E-72BF62ACE825}.Release|Any CPU.Build.0 = Release|Any CPU
	EndGlobalSection
	GlobalSection(SolutionProperties) = preSolution
		HideSolutionNode = FALSE
	EndGlobalSection
	GlobalSection(ExtensibilityGlobals) = postSolution
		SolutionGuid = {FFF58001-4D4D-4F47-9632-61EA60D70DF1}
	EndGlobalSection
EndGlobal
